
Microsoft Visual Studio Solution File, Format Version 12.00
# Visual Studio 15
VisualStudioVersion = 15.0.27130.2020
MinimumVisualStudioVersion = 10.0.40219.1
Project("{FAE04EC0-301F-11D3-BF4B-00C04F79EFBC}") = "InheritancePolymorphismPractice", "InheritancePolymorphismPractice\InheritancePolymorphismPractice.csproj", "{70CFD334-B07C-49EE-82AD-13CD19F3AF3C}"
EndProject
Global
	GlobalSection(SolutionConfigurationPlatforms) = preSolution
		Debug|Any CPU = Debug|Any CPU
		Release|Any CPU = Release|Any CPU
	EndGlobalSection
	GlobalSection(ProjectConfigurationPlatforms) = postSolution
		{70CFD334-B07C-49EE-82AD-13CD19F3AF3C}.Debug|Any CPU.ActiveCfg = Debug|Any CPU
		{70CFD334-B07C-49EE-82AD-13CD19F3AF3C}.Debug|Any CPU.Build.0 = Debug|Any CPU
		{70CFD334-B07C-49EE-82AD-13CD19F3AF3C}.Release|Any CPU.ActiveCfg = Release|Any CPU
		{70CFD334-B07C-49EE-82AD-13CD19F3AF3C}.Release|Any CPU.Build.0 = Release|Any CPU
	EndGlobalSection
	GlobalSection(SolutionProperties) = preSolution
		HideSolutionNode = FALSE
	EndGlobalSection
	GlobalSection(ExtensibilityGlobals) = postSolution
		SolutionGuid = {A825BC21-2FC0-4976-A6AB-CE977A411CC5}
	EndGlobalSection
EndGlobal
